
Microsoft Visual Studio Solution File, Format Version 12.00
# Visual Studio Version 16
VisualStudioVersion = 16.0.30804.86
MinimumVisualStudioVersion = 10.0.40219.1
Project("{9A19103F-16F7-4668-BE54-9A1E7A4F7556}") = "TARTARUS", "TARTARUS\TARTARUS.csproj", "{92AAE284-A5CF-4103-852C-7F73906CFA02}"
EndProject
Global
	GlobalSection(SolutionConfigurationPlatforms) = preSolution
		Debug|Any CPU = Debug|Any CPU
		Debug|x64 = Debug|x64
		Release|Any CPU = Release|Any CPU
		Release|x64 = Release|x64
	EndGlobalSection
	GlobalSection(ProjectConfigurationPlatforms) = postSolution
		{92AAE284-A5CF-4103-852C-7F73906CFA02}.Debug|Any CPU.ActiveCfg = Debug|Any CPU
		{92AAE284-A5CF-4103-852C-7F73906CFA02}.Debug|Any CPU.Build.0 = Debug|Any CPU
		{92AAE284-A5CF-4103-852C-7F73906CFA02}.Debug|x64.ActiveCfg = Debug|x64
		{92AAE284-A5CF-4103-852C-7F73906CFA02}.Debug|x64.Build.0 = Debug|x64
		{92AAE284-A5CF-4103-852C-7F73906CFA02}.Release|Any CPU.ActiveCfg = Release|Any CPU
		{92AAE284-A5CF-4103-852C-7F73906CFA02}.Release|Any CPU.Build.0 = Release|Any CPU
		{92AAE284-A5CF-4103-852C-7F73906CFA02}.Release|x64.ActiveCfg = Release|x64
		{92AAE284-A5CF-4103-852C-7F73906CFA02}.Release|x64.Build.0 = Release|x64
	EndGlobalSection
	GlobalSection(SolutionProperties) = preSolution
		HideSolutionNode = FALSE
	EndGlobalSection
	GlobalSection(ExtensibilityGlobals) = postSolution
		SolutionGuid = {C5758DED-48D2-46D8-9DC8-A9002E755D5D}
	EndGlobalSection
EndGlobal
